Microsoft Visual Studio Solution File, Format Version 12.00
# Visual Studio Version 17
VisualStudioVersion = 17.5.2.0
MinimumVisualStudioVersion = 10.0.40219.1
Project("{FAE04EC0-301F-11D3-BF4B-00C04F79EFBC}") = "NoSmokingMap", "NoSmokingMap.csproj", "{01F2BE16-28FD-6079-D163-FFE550738D87}"
EndProject
Global
	GlobalSection(SolutionConfigurationPlatforms) = preSolution
		Debug|Any CPU = Debug|Any CPU
		Release|Any CPU = Release|Any CPU
	EndGlobalSection
	GlobalSection(ProjectConfigurationPlatforms) = postSolution
		{01F2BE16-28FD-6079-D163-FFE550738D87}.Debug|Any CPU.ActiveCfg = Debug|Any CPU
		{01F2BE16-28FD-6079-D163-FFE550738D87}.Debug|Any CPU.Build.0 = Debug|Any CPU
		{01F2BE16-28FD-6079-D163-FFE550738D87}.Release|Any CPU.ActiveCfg = Release|Any CPU
		{01F2BE16-28FD-6079-D163-FFE550738D87}.Release|Any CPU.Build.0 = Release|Any CPU
	EndGlobalSection
	GlobalSection(SolutionProperties) = preSolution
		HideSolutionNode = FALSE
	EndGlobalSection
	GlobalSection(ExtensibilityGlobals) = postSolution
		SolutionGuid = {4739786C-A25D-41E8-A70C-797E89547C61}
	EndGlobalSection
EndGlobal
